
Microsoft Visual Studio Solution File, Format Version 12.00
# Visual Studio Version 16
VisualStudioVersion = 16.0.29806.167
MinimumVisualStudioVersion = 10.0.40219.1
Project("{2150E333-8FDC-42A3-9474-1A3956D46DE8}") = "S01", "S01", "{BE13064E-BFA4-4261-AF24-38417F93278F}"
EndProject
Project("{2150E333-8FDC-42A3-9474-1A3956D46DE8}") = "S02", "S02", "{795CA123-E572-4D06-8EDF-736434A99D5D}"
EndProject
Project("{9A19103F-16F7-4668-BE54-9A1E7A4F7556}") = "TestSample", "S02\TestSample\TestSample.csproj", "{C2173CDF-FC1E-4348-8476-0903D5233AA4}"
EndProject
Project("{9A19103F-16F7-4668-BE54-9A1E7A4F7556}") = "TestSample.Test", "S02\TestSample.Test\TestSample.Test.csproj", "{26FDCB2A-E8CC-429A-8F55-6117C2C1F358}"
EndProject
Project("{2150E333-8FDC-42A3-9474-1A3956D46DE8}") = "S03", "S03", "{BC67E1E6-6219-4AA9-B731-776B0350DC82}"
EndProject
Project("{2150E333-8FDC-42A3-9474-1A3956D46DE8}") = "01.Core", "01.Core", "{9A641C81-1909-48C0-ABB3-583C39DF453A}"
EndProject
Project("{2150E333-8FDC-42A3-9474-1A3956D46DE8}") = "02.Dal", "02.Dal", "{308E50C3-78D6-44C8-B1CA-CC99D3301C38}"
EndProject
Project("{2150E333-8FDC-42A3-9474-1A3956D46DE8}") = "03.Consumer", "03.Consumer", "{EFFACB1D-D27B-44D8-847D-3631123CB62D}"
EndProject
Project("{2150E333-8FDC-42A3-9474-1A3956D46DE8}") = "src", "src", "{539738C2-7F75-4595-8850-34A3BED63BDA}"
EndProject
Project("{2150E333-8FDC-42A3-9474-1A3956D46DE8}") = "test", "test", "{2C68E0A1-224E-4D1A-8F6E-80151F565A27}"
EndProject
Project("{2150E333-8FDC-42A3-9474-1A3956D46DE8}") = "S04", "S04", "{7E58E89D-F5B7-4FE3-84EB-849738007401}"
EndProject
Project("{9A19103F-16F7-4668-BE54-9A1E7A4F7556}") = "ME.S04.Core.DomainModel", "S04\src\01.Core\ME.S04.Core.DomainModel\ME.S04.Core.DomainModel.csproj", "{67A3FEEA-8A67-44EE-A024-89300CEE21B7}"
EndProject
Project("{9A19103F-16F7-4668-BE54-9A1E7A4F7556}") = "ME.S04.Core.AppService", "S04\src\01.Core\ME.S04.Core.AppService\ME.S04.Core.AppService.csproj", "{B3EF6F93-2EDE-449B-8FF1-D7072CCD07B8}"
EndProject
Project("{9A19103F-16F7-4668-BE54-9A1E7A4F7556}") = "ME.S04.Core.Contract", "S04\src\01.Core\ME.S04.Core.Contract\ME.S04.Core.Contract.csproj", "{C26879F7-E8A8-4BC3-8207-AEE486D3E2E1}"
EndProject
Project("{9A19103F-16F7-4668-BE54-9A1E7A4F7556}") = "ME.S04.Dal.EF", "S04\src\02.Dal\ME.S04.Dal.EF\ME.S04.Dal.EF.csproj", "{44624B0D-A5B4-41DD-9231-25607B2EFFB0}"
EndProject
Project("{9A19103F-16F7-4668-BE54-9A1E7A4F7556}") = "ME.S04.Consumer.Cls", "S04\src\03.Consumer\ME.S04.Consumer.Console\ME.S04.Consumer.Cls.csproj", "{B3A8AD0D-11C3-4E33-B583-EC6A4D159367}"
EndProject
Project("{2150E333-8FDC-42A3-9474-1A3956D46DE8}") = "Command", "Command", "{C990D062-F3C0-4C9B-98C0-0C875452177C}"
EndProject
Project("{9A19103F-16F7-4668-BE54-9A1E7A4F7556}") = "ME.S04.Command.ErrorHandling", "S04\src\Command\ME.S04.Command.ErrorHandling\ME.S04.Command.ErrorHandling.csproj", "{6C16A572-A91C-4C09-ABBC-36608D7A93C5}"
EndProject
Project("{9A19103F-16F7-4668-BE54-9A1E7A4F7556}") = "ME.S04.Command.Tools", "S04\src\Command\ME.S04.Command.Tools\ME.S04.Command.Tools.csproj", "{2F8C9881-3FE9-468A-95B7-EC2CD6BAAAA7}"
EndProject
Project("{2150E333-8FDC-42A3-9474-1A3956D46DE8}") = "Solution Items", "Solution Items", "{29146002-96E8-4D8E-BE18-DFCFF35C4DA8}"
	ProjectSection(SolutionItems) = preProject
		.editorconfig = .editorconfig
	EndProjectSection
EndProject
Project("{2150E333-8FDC-42A3-9474-1A3956D46DE8}") = "S10", "S10", "{B3B69130-5689-4417-8D12-74B4538EE60A}"
EndProject
Project("{FAE04EC0-301F-11D3-BF4B-00C04F79EFBC}") = "Session10.HelloWorld", "Session10.HelloWorld\Session10.HelloWorld.csproj", "{9AB5AABA-A91B-403A-BAE1-F8E182840025}"
EndProject
Global
	GlobalSection(SolutionConfigurationPlatforms) = preSolution
		Debug|Any CPU = Debug|Any CPU
		Release|Any CPU = Release|Any CPU
	EndGlobalSection
	GlobalSection(ProjectConfigurationPlatforms) = postSolution
		{C2173CDF-FC1E-4348-8476-0903D5233AA4}.Debug|Any CPU.ActiveCfg = Debug|Any CPU
		{C2173CDF-FC1E-4348-8476-0903D5233AA4}.Debug|Any CPU.Build.0 = Debug|Any CPU
		{C2173CDF-FC1E-4348-8476-0903D5233AA4}.Release|Any CPU.ActiveCfg = Release|Any CPU
		{C2173CDF-FC1E-4348-8476-0903D5233AA4}.Release|Any CPU.Build.0 = Release|Any CPU
		{26FDCB2A-E8CC-429A-8F55-6117C2C1F358}.Debug|Any CPU.ActiveCfg = Debug|Any CPU
		{26FDCB2A-E8CC-429A-8F55-6117C2C1F358}.Debug|Any CPU.Build.0 = Debug|Any CPU
		{26FDCB2A-E8CC-429A-8F55-6117C2C1F358}.Release|Any CPU.ActiveCfg = Release|Any CPU
		{26FDCB2A-E8CC-429A-8F55-6117C2C1F358}.Release|Any CPU.Build.0 = Release|Any CPU
		{67A3FEEA-8A67-44EE-A024-89300CEE21B7}.Debug|Any CPU.ActiveCfg = Debug|Any CPU
		{67A3FEEA-8A67-44EE-A024-89300CEE21B7}.Debug|Any CPU.Build.0 = Debug|Any CPU
		{67A3FEEA-8A67-44EE-A024-89300CEE21B7}.Release|Any CPU.ActiveCfg = Release|Any CPU
		{67A3FEEA-8A67-44EE-A024-89300CEE21B7}.Release|Any CPU.Build.0 = Release|Any CPU
		{B3EF6F93-2EDE-449B-8FF1-D7072CCD07B8}.Debug|Any CPU.ActiveCfg = Debug|Any CPU
		{B3EF6F93-2EDE-449B-8FF1-D7072CCD07B8}.Debug|Any CPU.Build.0 = Debug|Any CPU
		{B3EF6F93-2EDE-449B-8FF1-D7072CCD07B8}.Release|Any CPU.ActiveCfg = Release|Any CPU
		{B3EF6F93-2EDE-449B-8FF1-D7072CCD07B8}.Release|Any CPU.Build.0 = Release|Any CPU
		{C26879F7-E8A8-4BC3-8207-AEE486D3E2E1}.Debug|Any CPU.ActiveCfg = Debug|Any CPU
		{C26879F7-E8A8-4BC3-8207-AEE486D3E2E1}.Debug|Any CPU.Build.0 = Debug|Any CPU
		{C26879F7-E8A8-4BC3-8207-AEE486D3E2E1}.Release|Any CPU.ActiveCfg = Release|Any CPU
		{C26879F7-E8A8-4BC3-8207-AEE486D3E2E1}.Release|Any CPU.Build.0 = Release|Any CPU
		{44624B0D-A5B4-41DD-9231-25607B2EFFB0}.Debug|Any CPU.ActiveCfg = Debug|Any CPU
		{44624B0D-A5B4-41DD-9231-25607B2EFFB0}.Debug|Any CPU.Build.0 = Debug|Any CPU
		{44624B0D-A5B4-41DD-9231-25607B2EFFB0}.Release|Any CPU.ActiveCfg = Release|Any CPU
		{44624B0D-A5B4-41DD-9231-25607B2EFFB0}.Release|Any CPU.Build.0 = Release|Any CPU
		{B3A8AD0D-11C3-4E33-B583-EC6A4D159367}.Debug|Any CPU.ActiveCfg = Debug|Any CPU
		{B3A8AD0D-11C3-4E33-B583-EC6A4D159367}.Debug|Any CPU.Build.0 = Debug|Any CPU
		{B3A8AD0D-11C3-4E33-B583-EC6A4D159367}.Release|Any CPU.ActiveCfg = Release|Any CPU
		{B3A8AD0D-11C3-4E33-B583-EC6A4D159367}.Release|Any CPU.Build.0 = Release|Any CPU
		{6C16A572-A91C-4C09-ABBC-36608D7A93C5}.Debug|Any CPU.ActiveCfg = Debug|Any CPU
		{6C16A572-A91C-4C09-ABBC-36608D7A93C5}.Debug|Any CPU.Build.0 = Debug|Any CPU
		{6C16A572-A91C-4C09-ABBC-36608D7A93C5}.Release|Any CPU.ActiveCfg = Release|Any CPU
		{6C16A572-A91C-4C09-ABBC-36608D7A93C5}.Release|Any CPU.Build.0 = Release|Any CPU
		{2F8C9881-3FE9-468A-95B7-EC2CD6BAAAA7}.Debug|Any CPU.ActiveCfg = Debug|Any CPU
		{2F8C9881-3FE9-468A-95B7-EC2CD6BAAAA7}.Debug|Any CPU.Build.0 = Debug|Any CPU
		{2F8C9881-3FE9-468A-95B7-EC2CD6BAAAA7}.Release|Any CPU.ActiveCfg = Release|Any CPU
		{2F8C9881-3FE9-468A-95B7-EC2CD6BAAAA7}.Release|Any CPU.Build.0 = Release|Any CPU
		{9AB5AABA-A91B-403A-BAE1-F8E182840025}.Debug|Any CPU.ActiveCfg = Debug|Any CPU
		{9AB5AABA-A91B-403A-BAE1-F8E182840025}.Debug|Any CPU.Build.0 = Debug|Any CPU
		{9AB5AABA-A91B-403A-BAE1-F8E182840025}.Release|Any CPU.ActiveCfg = Release|Any CPU
		{9AB5AABA-A91B-403A-BAE1-F8E182840025}.Release|Any CPU.Build.0 = Release|Any CPU
	EndGlobalSection
	GlobalSection(SolutionProperties) = preSolution
		HideSolutionNode = FALSE
	EndGlobalSection
	GlobalSection(NestedProjects) = preSolution
		{C2173CDF-FC1E-4348-8476-0903D5233AA4} = {795CA123-E572-4D06-8EDF-736434A99D5D}
		{26FDCB2A-E8CC-429A-8F55-6117C2C1F358} = {795CA123-E572-4D06-8EDF-736434A99D5D}
		{9A641C81-1909-48C0-ABB3-583C39DF453A} = {539738C2-7F75-4595-8850-34A3BED63BDA}
		{308E50C3-78D6-44C8-B1CA-CC99D3301C38} = {539738C2-7F75-4595-8850-34A3BED63BDA}
		{EFFACB1D-D27B-44D8-847D-3631123CB62D} = {539738C2-7F75-4595-8850-34A3BED63BDA}
		{539738C2-7F75-4595-8850-34A3BED63BDA} = {7E58E89D-F5B7-4FE3-84EB-849738007401}
		{2C68E0A1-224E-4D1A-8F6E-80151F565A27} = {7E58E89D-F5B7-4FE3-84EB-849738007401}
		{67A3FEEA-8A67-44EE-A024-89300CEE21B7} = {9A641C81-1909-48C0-ABB3-583C39DF453A}
		{B3EF6F93-2EDE-449B-8FF1-D7072CCD07B8} = {9A641C81-1909-48C0-ABB3-583C39DF453A}
		{C26879F7-E8A8-4BC3-8207-AEE486D3E2E1} = {9A641C81-1909-48C0-ABB3-583C39DF453A}
		{44624B0D-A5B4-41DD-9231-25607B2EFFB0} = {308E50C3-78D6-44C8-B1CA-CC99D3301C38}
		{B3A8AD0D-11C3-4E33-B583-EC6A4D159367} = {EFFACB1D-D27B-44D8-847D-3631123CB62D}
		{C990D062-F3C0-4C9B-98C0-0C875452177C} = {539738C2-7F75-4595-8850-34A3BED63BDA}
		{6C16A572-A91C-4C09-ABBC-36608D7A93C5} = {C990D062-F3C0-4C9B-98C0-0C875452177C}
		{2F8C9881-3FE9-468A-95B7-EC2CD6BAAAA7} = {C990D062-F3C0-4C9B-98C0-0C875452177C}
		{9AB5AABA-A91B-403A-BAE1-F8E182840025} = {B3B69130-5689-4417-8D12-74B4538EE60A}
	EndGlobalSection
	GlobalSection(ExtensibilityGlobals) = postSolution
		SolutionGuid = {7F4CBE46-11EC-49BD-B617-BBA5ACEBF260}
	EndGlobalSection
EndGlobal
